
Microsoft Visual Studio Solution File, Format Version 12.00
# Visual Studio Version 17
VisualStudioVersion = 17.7.34024.191
MinimumVisualStudioVersion = 10.0.40219.1
Project("{FAE04EC0-301F-11D3-BF4B-00C04F79EFBC}") = "Module8_HW", "Module8_HW\Module8_HW.csproj", "{FA31B464-0C43-4153-8D9D-E1BB38A38700}"
EndProject
Global
	GlobalSection(SolutionConfigurationPlatforms) = preSolution
		Debug|Any CPU = Debug|Any CPU
		Release|Any CPU = Release|Any CPU
	EndGlobalSection
	GlobalSection(ProjectConfigurationPlatforms) = postSolution
		{FA31B464-0C43-4153-8D9D-E1BB38A38700}.Debug|Any CPU.ActiveCfg = Debug|Any CPU
		{FA31B464-0C43-4153-8D9D-E1BB38A38700}.Debug|Any CPU.Build.0 = Debug|Any CPU
		{FA31B464-0C43-4153-8D9D-E1BB38A38700}.Release|Any CPU.ActiveCfg = Release|Any CPU
		{FA31B464-0C43-4153-8D9D-E1BB38A38700}.Release|Any CPU.Build.0 = Release|Any CPU
	EndGlobalSection
	GlobalSection(SolutionProperties) = preSolution
		HideSolutionNode = FALSE
	EndGlobalSection
	GlobalSection(ExtensibilityGlobals) = postSolution
		SolutionGuid = {E7714CAC-F837-4D63-8707-6932F0D20E3D}
	EndGlobalSection
EndGlobal
